# gh-aw-metadata: {"schema_version":"v4","frontmatter_hash":"82fc3daf23e772d3e130807dacf4e831766c6ccccca7fc183377f1334536abdd","body_hash":"f1c729dc774164ec8980f8371412dc923254edc542d003f7c5b03faacb3f7e53","compiler_version":"v0.89.21","strict":true,"agent_id":"copilot","agent_model":"gpt-4o","engine_versions":{"copilot":"1.0.87"}}
# gh-aw-manifest: {"version":1,"secrets":["GH_AW_DEFAULT_OTLP_ENDPOINT","GH_AW_DEFAULT_OTLP_HEADERS","GH_AW_GITHUB_MCP_SERVER_TOKEN","GH_AW_GITHUB_TOKEN","GITHUB_TOKEN"],"actions":[{"repo":"actions/checkout","sha":"3d3c42e5aac5ba805825da76410c181273ba90b1","version":"v7.0.1"},{"repo":"actions/download-artifact","sha":"3e5f45b2cfb9172054b4087a40e8e0b5a5461e7c","version":"v8.0.1"},{"repo":"actions/github-script","sha":"3a2844b7e9c422d3c10d287c895573f7108da1b3","version":"v9.0.0"},{"repo":"actions/upload-artifact","sha":"043fb46d1a93c77aae656e7c1c64a875d1fc6a0a","version":"v7.0.1"},{"repo":"github/gh-aw-actions/setup","sha":"924af5fdc64061cfbf66fb584c8b07e2ac230c60","version":"v0.89.21"}],"containers":[{"image":"ghcr.io/github/gh-aw-firewall/agent:0.28.23","digest":"sha256:2c78aaba1c108e130e2d6d01e4f2cca334ea04c53e6f258913ac34173fe7e3b2","pinned_image":"ghcr.io/github/gh-aw-firewall/agent:0.28.23@sha256:2c78aaba1c108e130e2d6d01e4f2cca334ea04c53e6f258913ac34173fe7e3b2"},{"image":"ghcr.io/github/gh-aw-firewall/api-proxy:0.28.23","digest":"sha256:c15c3d1208df10c5b588a3657be53742aa982ae0909d1eb1812525268794ca64","pinned_image":"ghcr.io/github/gh-aw-firewall/api-proxy:0.28.23@sha256:c15c3d1208df10c5b588a3657be53742aa982ae0909d1eb1812525268794ca64"},{"image":"ghcr.io/github/gh-aw-firewall/squid:0.28.23","digest":"sha256:02ffc56dd40158223064ef03a78c2d9717473c93723b4e403d455ea6f0b09ae0","pinned_image":"ghcr.io/github/gh-aw-firewall/squid:0.28.23@sha256:02ffc56dd40158223064ef03a78c2d9717473c93723b4e403d455ea6f0b09ae0"},{"image":"ghcr.io/github/gh-aw-mcpg:v0.4.25","digest":"sha256:9be0a86220e807a0ecc89e53d7453468f7a53fbc6b3d1efd2299025ffe01d086","pinned_image":"ghcr.io/github/gh-aw-mcpg:v0.4.25@sha256:9be0a86220e807a0ecc89e53d7453468f7a53fbc6b3d1efd2299025ffe01d086"},{"image":"ghcr.io/github/gh-aw-node","digest":"sha256:11c2c544876cdbaffefe0f7f1283b74838c209654b4934a78e23ed11f750490f","pinned_image":"ghcr.io/github/gh-aw-node@sha256:11c2c544876cdbaffefe0f7f1283b74838c209654b4934a78e23ed11f750490f"},{"image":"ghcr.io/github/github-mcp-server:v1.12.2","digest":"sha256:508a0857ec762b1ab1cece29193345b501fab1dd9d1228a7b617062954cecac6","pinned_image":"ghcr.io/github/github-mcp-server:v1.12.2@sha256:508a0857ec762b1ab1cece29193345b501fab1dd9d1228a7b617062954cecac6"}],"mcp_servers":[{"name":"github","tools":["get_commit","get_file_contents","get_latest_release","get_me","get_pull_request","get_pull_request_comments","get_pull_request_diff","get_pull_request_files","get_pull_request_review_comments","get_pull_request_reviews","get_pull_request_status","get_release_by_tag","get_tag","issue_read","list_branches","list_commits","list_issue_types","list_issues","list_pull_requests","list_releases","list_starred_repositories","list_tags","pull_request_read","search_code","search_issues","search_pull_requests","search_repositories"]},{"name":"safeoutputs","tools":["create_issue"]}]}
# This file was automatically generated by gh-aw (v0.89.21). DO NOT EDIT. To debug this workflow, load the skill at https://github.com/github/gh-aw/blob/main/debug.md
#
#     ___            _   _
#    / _ \          | | (_)
#   | |_| | __ _  ___ _ __ | |_ _  ___
#   |  _  |/ _` |/ _ \ '_ \| __| |/ __|
#   | | | | (_| |  __/ | | | |_| | (__
#   \_| |_/\__, |\___|_| |_|\__|_|\___|
#          __/ |
#   _   _ |___/
# | | | |         / _| |
# | | | | ___ _ __ _  __| |_| | _____      ____
# | |/\| |/ _ \ '__| |/ /|  _| |/ _ \ \ /\ / / ___|
# \  /\  / (_) | | | | ( | | | | (_) \ V  V /\__ \
#  \/  \/ \___/|_| |_|\_\|_| |_|\___/ \_/\_/ |___/
#
#
# To update this file, edit the corresponding .md file and run:
#     gh aw compile
# Not all edits will cause changes to this file.
#
# For more information: https://github.github.com/gh-aw/introduction/overview/

name: "my-first-workflow"
on:
  workflow_dispatch:
    inputs:
      aw_context:
        default: ""
        description: "Agent caller context (used internally by Agentic Workflows)."
        required: false
        type: string

permissions: {}

concurrency:
  group: "gh-aw-${{ github.workflow }}"
  queue: max

run-name: "my-first-workflow"

env:
  OTEL_EXPORTER_OTLP_ENDPOINT: ${{ secrets.GH_AW_DEFAULT_OTLP_ENDPOINT || vars.GH_AW_DEFAULT_OTLP_ENDPOINT }}
  OTEL_SERVICE_NAME: gh-aw.my-first-workflow
  OTEL_RESOURCE_ATTRIBUTES: 'gh-aw.workflow.name=my-first-workflow,gh-aw.repository=${{ github.repository }},gh-aw.run.id=${{ github.run_id }},github.run_id=${{ github.run_id }},gh-aw.engine.id=copilot'
  OTEL_EXPORTER_OTLP_HEADERS: ${{ secrets.GH_AW_DEFAULT_OTLP_HEADERS }}
  GH_AW_OTLP_ENDPOINTS: '[{"url":"${{ secrets.GH_AW_DEFAULT_OTLP_ENDPOINT || vars.GH_AW_DEFAULT_OTLP_ENDPOINT }}","headers":"${{ secrets.GH_AW_DEFAULT_OTLP_HEADERS }}"}]'
  GH_AW_OTLP_IF_MISSING: ignore

jobs:
  activation:
    runs-on: ubuntu-slim
    permissions:
      actions: read
      contents: read
      issues: write
    env:
      GH_AW_MAX_DAILY_AI_CREDITS: ${{ vars.GH_AW_DEFAULT_MAX_DAILY_AI_CREDITS || '5000' }}
      GH_AW_RUNTIME_FEATURES: ${{ vars.GH_AW_RUNTIME_FEATURES }}
    outputs:
      comment_id: ""
      comment_repo: ""
      daily_ai_credits_exceeded: ${{ steps.daily-ai-credits-workflow-guardrail.outputs.daily_ai_credits_exceeded == 'true' }}
      daily_ai_credits_guardrail_error: ${{ steps.daily-ai-credits-workflow-guardrail.outputs.daily_ai_credits_guardrail_error || '' }}
      daily_ai_credits_guardrail_status: ${{ steps.daily-ai-credits-workflow-guardrail.outputs.daily_ai_credits_guardrail_status || '' }}
      daily_ai_credits_threshold: ${{ steps.daily-ai-credits-workflow-guardrail.outputs.daily_ai_credits_threshold || '' }}
      daily_ai_credits_total: ${{ steps.daily-ai-credits-workflow-guardrail.outputs.daily_ai_credits_total || '' }}
      engine_id: ${{ steps.generate_aw_info.outputs.engine_id }}
      lockdown_check_failed: ${{ steps.generate_aw_info.outputs.lockdown_check_failed == 'true' }}
      model: ${{ steps.generate_aw_info.outputs.model }}
      oauth_token_check_failed: ${{ steps.check-oauth-tokens.outputs.oauth_token_check_failed == 'true' }}
      setup-parent-span-id: ${{ steps.setup.outputs.parent-span-id || steps.setup.outputs.span-id }}
      setup-span-id: ${{ steps.setup.outputs.span-id }}
      setup-trace-id: ${{ steps.setup.outputs.trace-id }}
      stale_lock_file_failed: ${{ steps.check-lock-file.outputs.stale_lock_file_failed == 'true' }}
    steps:
      - name: Setup Scripts
        id: setup
        uses: github/gh-aw-actions/setup@924af5fdc64061cfbf66fb584c8b07e2ac230c60 # v0.89.21
        with:
          destination: ${{ runner.temp }}/gh-aw/actions
          job-name: ${{ github.job }}
          safe-output-artifact-client: ${{ env.GH_AW_MAX_DAILY_AI_CREDITS != '' }}
        env:
          GH_AW_SETUP_WORKFLOW_NAME: "my-first-workflow"
          GH_AW_CURRENT_WORKFLOW_REF: ${{ github.repository }}/.github/workflows/my-first-workflow.lock.yml@${{ github.ref }}
          GH_AW_INFO_VERSION: "1.0.87"
          GH_AW_INFO_AWF_VERSION: "v0.28.23"
          GH_AW_INFO_ENGINE_ID: "copilot"
      - name: Mask OTLP telemetry headers
        run: bash "${RUNNER_TEMP}/gh-aw/actions/mask_otlp_headers.sh"
      - name: Generate agentic run info
        id: generate_aw_info
        env:
          GH_AW_INFO_ENGINE_ID: "copilot"
          GH_AW_INFO_ENGINE_NAME: "GitHub Copilot CLI"
          GH_AW_INFO_MODEL: "gpt-4o"
          GH_AW_INFO_VERSION: "1.0.87"
          GH_AW_INFO_AGENT_VERSION: "1.0.87"
          GH_AW_INFO_CLI_VERSION: "v0.89.21"
          GH_AW_INFO_WORKFLOW_NAME: "my-first-workflow"
          GH_AW_INFO_EXPERIMENTAL: "false"
          GH_AW_INFO_SUPPORTS_TOOLS_ALLOWLIST: "true"
          GH_AW_INFO_STAGED: "false"
          GH_AW_INFO_ALLOWED_DOMAINS: '["defaults"]'
          GH_AW_INFO_FIREWALL_ENABLED: "true"
          GH_AW_INFO_AWF_VERSION: "v0.28.23"
          GH_AW_INFO_AWMG_VERSION: ""
          GH_AW_INFO_FIREWALL_TYPE: "squid"
          GH_AW_INFO_AGENT_RUNTIME: ""
          GH_AW_COMPILED_STRICT: "true"
        uses: actions/github-script@3a2844b7e9c422d3c10d287c895573f7108da1b3 # v9.0.0
        with:
          script: |
            const path = require('path');
            const actionsDir = path.join(process.env.RUNNER_TEMP, 'gh-aw', 'actions');
            const { setupGlobals } = require(path.join(actionsDir, 'setup_globals.cjs'));
            setupGlobals(core, github, context, exec, io, getOctokit);
            const { main } = require(path.join(actionsDir, 'generate_aw_info.cjs'));
            await main(core, context);
      - name: Restore daily AIC scan observations
        id: restore-daily-aic-cache-fallback
        if: ${{ env.GH_AW_MAX_DAILY_AI_CREDITS != '' }}
        uses: actions/github-script@3a2844b7e9c422d3c10d287c895573f7108da1b3 # v9.0.0
        env:
          GH_AW_HAS_SLASH_COMMAND: "false"
          GH_AW_HAS_LABEL_COMMAND: "false"
        with:
          github-token: ${{ secrets.GITHUB_TOKEN }}
          script: |
            const path = require('path');
            const actionsDir = path.join(process.env.RUNNER_TEMP, 'gh-aw', 'actions');
            const { setupGlobals } = require(path.join(actionsDir, 'setup_globals.cjs'));
            setupGlobals(core, github, context, exec, io, getOctokit);
            const { main } = require(path.join(actionsDir, 'restore_aic_scan_cache.cjs'));
            await main();
      - name: Check daily workflow token guardrail
        id: daily-ai-credits-workflow-guardrail
        if: ${{ env.GH_AW_MAX_DAILY_AI_CREDITS != '' }}
        uses: actions/github-script@3a2844b7e9c422d3c10d287c895573f7108da1b3 # v9.0.0
        env:
          GH_AW_WORKFLOW_NAME: "my-first-workflow"
          GH_AW_WORKFLOW_ID: "my-first-workflow"
          GH_AW_RUN_URL: ${{ github.server_url }}/${{ github.repository }}/actions/runs/${{ github.run_id }}
          GH_AW_WORKFLOW_DISPATCH_AW_CONTEXT: ${{ github.event.inputs.aw_context || '' }}
          GH_AW_HAS_SLASH_COMMAND: "false"
          GH_AW_HAS_LABEL_COMMAND: "false"
          GH_AW_GITHUB_TOKEN: ${{ secrets.GITHUB_TOKEN }}
          GH_AW_MAX_DAILY_AI_CREDITS: ${{ vars.GH_AW_DEFAULT_MAX_DAILY_AI_CREDITS || '5000' }}
          GH_AW_MAX_AI_CREDITS: ${{ vars.GH_AW_DEFAULT_MAX_AI_CREDITS || '1000' }}
        with:
          github-token: ${{ secrets.GITHUB_TOKEN }}
          script: |
            const path = require('path');
            const actionsDir = path.join(process.env.RUNNER_TEMP, 'gh-aw', 'actions');
            const { setupGlobals } = require(path.join(actionsDir, 'setup_globals.cjs'));
            setupGlobals(core, github, context, exec, io, getOctokit);
            const { main } = require(path.join(actionsDir, 'check_daily_aic_workflow_guardrail.cjs'));
            await main();
      - name: Publish daily AIC scan observations
        if: always() && env.GH_AW_MAX_DAILY_AI_CREDITS != ''
        continue-on-error: true
        uses: actions/upload-artifact@043fb46d1a93c77aae656e7c1c64a875d1fc6a0a # v7.0.1
        with:
          name: aic-usage-scan-v2
          path: /tmp/gh-aw/agentic-workflow-usage-scan-v2.